// !$*UTF8*$!
{
	archiveVersion = 1;
	classes = {
	};
	objectVersion = 50;
	objects = {

/* Begin PBXBuildFile section */
		0C9889022121F19500A19676 /* AppDelegate.swift in Sources */ = {isa = PBXBuildFile; fileRef = 0C9889012121F19500A19676 /* AppDelegate.swift */; };
		0C9889042121F19500A19676 /* ViewController.swift in Sources */ = {isa = PBXBuildFile; fileRef = 0C9889032121F19500A19676 /* ViewController.swift */; };
		0C9889072121F19500A19676 /* Main.storyboard in Resources */ = {isa = PBXBuildFile; fileRef = 0C9889052121F19500A19676 /* Main.storyboard */; };
		0C9889092121F19600A19676 /* Assets.xcassets in Resources */ = {isa = PBXBuildFile; fileRef = 0C9889082121F19600A19676 /* Assets.xcassets */; };
		0C98890C2121F19600A19676 /* LaunchScreen.storyboard in Resources */ = {isa = PBXBuildFile; fileRef = 0C98890A2121F19600A19676 /* LaunchScreen.storyboard */; };
		0C9889172121F19600A19676 /* UBottomSheetTests.swift in Sources */ = {isa = PBXBuildFile; fileRef = 0C9889162121F19600A19676 /* UBottomSheetTests.swift */; };
		0C9889222121F19600A19676 /* UBottomSheetUITests.swift in Sources */ = {isa = PBXBuildFile; fileRef = 0C9889212121F19600A19676 /* UBottomSheetUITests.swift */; };
		0C9889302121F1ED00A19676 /* BottomSheetViewController.swift in Sources */ = {isa = PBXBuildFile; fileRef = 0C98892F2121F1ED00A19676 /* BottomSheetViewController.swift */; };
/* End PBXBuildFile section */

/* Begin PBXContainerItemProxy section */
		0C9889132121F19600A19676 /* PBXContainerItemProxy */ = {
			isa = PBXContainerItemProxy;
			containerPortal = 0C9888F62121F19500A19676 /* Project object */;
			proxyType = 1;
			remoteGlobalIDString = 0C9888FD2121F19500A19676;
			remoteInfo = UBottomSheet;
		};
		0C98891E2121F19600A19676 /* PBXContainerItemProxy */ = {
			isa = PBXContainerItemProxy;
			containerPortal = 0C9888F62121F19500A19676 /* Project object */;
			proxyType = 1;
			remoteGlobalIDString = 0C9888FD2121F19500A19676;
			remoteInfo = UBottomSheet;
		};
/* End PBXContainerItemProxy section */

/* Begin PBXFileReference section */
		0C9888FE2121F19500A19676 /* UBottomSheet.app */ = {isa = PBXFileReference; explicitFileType = wrapper.application; includeInIndex = 0; path = UBottomSheet.app; sourceTree = BUILT_PRODUCTS_DIR; };
		0C9889012121F19500A19676 /* AppDelegate.swift */ = {isa = PBXFileReference; lastKnownFileType = sourcecode.swift; path = AppDelegate.swift; sourceTree = "<group>"; };
		0C9889032121F19500A19676 /* ViewController.swift */ = {isa = PBXFileReference; lastKnownFileType = sourcecode.swift; path = ViewController.swift; sourceTree = "<group>"; };
		0C9889062121F19500A19676 /* Base */ = {isa = PBXFileReference; lastKnownFileType = file.storyboard; name = Base; path = Base.lproj/Main.storyboard; sourceTree = "<group>"; };
		0C9889082121F19600A19676 /* Assets.xcassets */ = {isa = PBXFileReference; lastKnownFileType = folder.assetcatalog; path = Assets.xcassets; sourceTree = "<group>"; };
		0C98890B2121F19600A19676 /* Base */ = {isa = PBXFileReference; lastKnownFileType = file.storyboard; name = Base; path = Base.lproj/LaunchScreen.storyboard; sourceTree = "<group>"; };
		0C98890D2121F19600A19676 /* Info.plist */ = {isa = PBXFileReference; lastKnownFileType = text.plist.xml; path = Info.plist; sourceTree = "<group>"; };
		0C9889122121F19600A19676 /* UBottomSheetTests.xctest */ = {isa = PBXFileReference; explicitFileType = wrapper.cfbundle; includeInIndex = 0; path = UBottomSheetTests.xctest; sourceTree = BUILT_PRODUCTS_DIR; };
		0C9889162121F19600A19676 /* UBottomSheetTests.swift */ = {isa = PBXFileReference; lastKnownFileType = sourcecode.swift; path = UBottomSheetTests.swift; sourceTree = "<group>"; };
		0C9889182121F19600A19676 /* Info.plist */ = {isa = PBXFileReference; lastKnownFileType = text.plist.xml; path = Info.plist; sourceTree = "<group>"; };
		0C98891D2121F19600A19676 /* UBottomSheetUITests.xctest */ = {isa = PBXFileReference; explicitFileType = wrapper.cfbundle; includeInIndex = 0; path = UBottomSheetUITests.xctest; sourceTree = BUILT_PRODUCTS_DIR; };
		0C9889212121F19600A19676 /* UBottomSheetUITests.swift */ = {isa = PBXFileReference; lastKnownFileType = sourcecode.swift; path = UBottomSheetUITests.swift; sourceTree = "<group>"; };
		0C9889232121F19600A19676 /* Info.plist */ = {isa = PBXFileReference; lastKnownFileType = text.plist.xml; path = Info.plist; sourceTree = "<group>"; };
		0C98892F2121F1ED00A19676 /* BottomSheetViewController.swift */ = {isa = PBXFileReference; fileEncoding = 4; lastKnownFileType = sourcecode.swift; path = BottomSheetViewController.swift; sourceTree = "<group>"; };
/* End PBXFileReference section */

/* Begin PBXFrameworksBuildPhase section */
		0C9888FB2121F19500A19676 /* Frameworks */ = {
			isa = PBXFrameworksBuildPhase;
			buildActionMask = 2147483647;
			files = (
			);
			runOnlyForDeploymentPostprocessing = 0;
		};
		0C98890F2121F19600A19676 /* Frameworks */ = {
			isa = PBXFrameworksBuildPhase;
			buildActionMask = 2147483647;
			files = (
			);
			runOnlyForDeploymentPostprocessing = 0;
		};
		0C98891A2121F19600A19676 /* Frameworks */ = {
			isa = PBXFrameworksBuildPhase;
			buildActionMask = 2147483647;
			files = (
			);
			runOnlyForDeploymentPostprocessing = 0;
		};
/* End PBXFrameworksBuildPhase section */

/* Begin PBXGroup section */
		0C9888F52121F19500A19676 = {
			isa = PBXGroup;
			children = (
				0C9889002121F19500A19676 /* UBottomSheet */,
				0C9889152121F19600A19676 /* UBottomSheetTests */,
				0C9889202121F19600A19676 /* UBottomSheetUITests */,
				0C9888FF2121F19500A19676 /* Products */,
			);
			sourceTree = "<group>";
		};
		0C9888FF2121F19500A19676 /* Products */ = {
			isa = PBXGroup;
			children = (
				0C9888FE2121F19500A19676 /* UBottomSheet.app */,
				0C9889122121F19600A19676 /* UBottomSheetTests.xctest */,
				0C98891D2121F19600A19676 /* UBottomSheetUITests.xctest */,
			);
			name = Products;
			sourceTree = "<group>";
		};
		0C9889002121F19500A19676 /* UBottomSheet */ = {
			isa = PBXGroup;
			children = (
				0C9889012121F19500A19676 /* AppDelegate.swift */,
				0C9889032121F19500A19676 /* ViewController.swift */,
				0C98892F2121F1ED00A19676 /* BottomSheetViewController.swift */,
				0C9889052121F19500A19676 /* Main.storyboard */,
				0C9889082121F19600A19676 /* Assets.xcassets */,
				0C98890A2121F19600A19676 /* LaunchScreen.storyboard */,
				0C98890D2121F19600A19676 /* Info.plist */,
			);
			path = UBottomSheet;
			sourceTree = "<group>";
		};
		0C9889152121F19600A19676 /* UBottomSheetTests */ = {
			isa = PBXGroup;
			children = (
				0C9889162121F19600A19676 /* UBottomSheetTests.swift */,
				0C9889182121F19600A19676 /* Info.plist */,
			);
			path = UBottomSheetTests;
			sourceTree = "<group>";
		};
		0C9889202121F19600A19676 /* UBottomSheetUITests */ = {
			isa = PBXGroup;
			children = (
				0C9889212121F19600A19676 /* UBottomSheetUITests.swift */,
				0C9889232121F19600A19676 /* Info.plist */,
			);
			path = UBottomSheetUITests;
			sourceTree = "<group>";
		};
/* End PBXGroup section */

/* Begin PBXNativeTarget section */
		0C9888FD2121F19500A19676 /* UBottomSheet */ = {
			isa = PBXNativeTarget;
			buildConfigurationList = 0C9889262121F19600A19676 /* Build configuration list for PBXNativeTarget "UBottomSheet" */;
			buildPhases = (
				0C9888FA2121F19500A19676 /* Sources */,
				0C9888FB2121F19500A19676 /* Frameworks */,
				0C9888FC2121F19500A19676 /* Resources */,
			);
			buildRules = (
			);
			dependencies = (
			);
			name = UBottomSheet;
			productName = UBottomSheet;
			productReference = 0C9888FE2121F19500A19676 /* UBottomSheet.app */;
			productType = "com.apple.product-type.application";
		};
		0C9889112121F19600A19676 /* UBottomSheetTests */ = {
			isa = PBXNativeTarget;
			buildConfigurationList = 0C9889292121F19600A19676 /* Build configuration list for PBXNativeTarget "UBottomSheetTests" */;
			buildPhases = (
				0C98890E2121F19600A19676 /* Sources */,
				0C98890F2121F19600A19676 /* Frameworks */,
				0C9889102121F19600A19676 /* Resources */,
			);
			buildRules = (
			);
			dependencies = (
				0C9889142121F19600A19676 /* PBXTargetDependency */,
			);
			name = UBottomSheetTests;
			productName = UBottomSheetTests;
			productReference = 0C9889122121F19600A19676 /* UBottomSheetTests.xctest */;
			productType = "com.apple.product-type.bundle.unit-test";
		};
		0C98891C2121F19600A19676 /* UBottomSheetUITests */ = {
			isa = PBXNativeTarget;
			buildConfigurationList = 0C98892C2121F19600A19676 /* Build configuration list for PBXNativeTarget "UBottomSheetUITests" */;
			buildPhases = (
				0C9889192121F19600A19676 /* Sources */,
				0C98891A2121F19600A19676 /* Frameworks */,
				0C98891B2121F19600A19676 /* Resources */,
			);
			buildRules = (
			);
			dependencies = (
				0C98891F2121F19600A19676 /* PBXTargetDependency */,
			);
			name = UBottomSheetUITests;
			productName = UBottomSheetUITests;
			productReference = 0C98891D2121F19600A19676 /* UBottomSheetUITests.xctest */;
			productType = "com.apple.product-type.bundle.ui-testing";
		};
/* End PBXNativeTarget section */

/* Begin PBXProject section */
		0C9888F62121F19500A19676 /* Project object */ = {
			isa = PBXProject;
			attributes = {
				LastSwiftUpdateCheck = 0940;
				LastUpgradeCheck = 0940;
				ORGANIZATIONNAME = otw;
				TargetAttributes = {
					0C9888FD2121F19500A19676 = {
						CreatedOnToolsVersion = 9.4.1;
					};
					0C9889112121F19600A19676 = {
						CreatedOnToolsVersion = 9.4.1;
						TestTargetID = 0C9888FD2121F19500A19676;
					};
					0C98891C2121F19600A19676 = {
						CreatedOnToolsVersion = 9.4.1;
						TestTargetID = 0C9888FD2121F19500A19676;
					};
				};
			};
			buildConfigurationList = 0C9888F92121F19500A19676 /* Build configuration list for PBXProject "UBottomSheet" */;
			compatibilityVersion = "Xcode 9.3";
			developmentRegion = en;
			hasScannedForEncodings = 0;
			knownRegions = (
				en,
				Base,
			);
			mainGroup = 0C9888F52121F19500A19676;
			productRefGroup = 0C9888FF2121F19500A19676 /* Products */;
			projectDirPath = "";
			projectRoot = "";
			targets = (
				0C9888FD2121F19500A19676 /* UBottomSheet */,
				0C9889112121F19600A19676 /* UBottomSheetTests */,
				0C98891C2121F19600A19676 /* UBottomSheetUITests */,
			);
		};
/* End PBXProject section */

/* Begin PBXResourcesBuildPhase section */
		0C9888FC2121F19500A19676 /* Resources */ = {
			isa = PBXResourcesBuildPhase;
			buildActionMask = 2147483647;
			files = (
				0C98890C2121F19600A19676 /* LaunchScreen.storyboard in Resources */,
				0C9889092121F19600A19676 /* Assets.xcassets in Resources */,
				0C9889072121F19500A19676 /* Main.storyboard in Resources */,
			);
			runOnlyForDeploymentPostprocessing = 0;
		};
		0C9889102121F19600A19676 /* Resources */ = {
			isa = PBXResourcesBuildPhase;
			buildActionMask = 2147483647;
			files = (
			);
			runOnlyForDeploymentPostprocessing = 0;
		};
		0C98891B2121F19600A19676 /* Resources */ = {
			isa = PBXResourcesBuildPhase;
			buildActionMask = 2147483647;
			files = (
			);
			runOnlyForDeploymentPostprocessing = 0;
		};
/* End PBXResourcesBuildPhase section */

/* Begin PBXSourcesBuildPhase section */
		0C9888FA2121F19500A19676 /* Sources */ = {
			isa = PBXSourcesBuildPhase;
			buildActionMask = 2147483647;
			files = (
				0C9889042121F19500A19676 /* ViewController.swift in Sources */,
				0C9889302121F1ED00A19676 /* BottomSheetViewController.swift in Sources */,
				0C9889022121F19500A19676 /* AppDelegate.swift in Sources */,
			);
			runOnlyForDeploymentPostprocessing = 0;
		};
		0C98890E2121F19600A19676 /* Sources */ = {
			isa = PBXSourcesBuildPhase;
			buildActionMask = 2147483647;
			files = (
				0C9889172121F19600A19676 /* UBottomSheetTests.swift in Sources */,
			);
			runOnlyForDeploymentPostprocessing = 0;
		};
		0C9889192121F19600A19676 /* Sources */ = {
			isa = PBXSourcesBuildPhase;
			buildActionMask = 2147483647;
			files = (
				0C9889222121F19600A19676 /* UBottomSheetUITests.swift in Sources */,
			);
			runOnlyForDeploymentPostprocessing = 0;
		};
/* End PBXSourcesBuildPhase section */

/* Begin PBXTargetDependency section */
		0C9889142121F19600A19676 /* PBXTargetDependency */ = {
			isa = PBXTargetDependency;
			target = 0C9888FD2121F19500A19676 /* UBottomSheet */;
			targetProxy = 0C9889132121F19600A19676 /* PBXContainerItemProxy */;
		};
		0C98891F2121F19600A19676 /* PBXTargetDependency */ = {
			isa = PBXTargetDependency;
			target = 0C9888FD2121F19500A19676 /* UBottomSheet */;
			targetProxy = 0C98891E2121F19600A19676 /* PBXContainerItemProxy */;
		};
/* End PBXTargetDependency section */

/* Begin PBXVariantGroup section */
		0C9889052121F19500A19676 /* Main.storyboard */ = {
			isa = PBXVariantGroup;
			children = (
				0C9889062121F19500A19676 /* Base */,
			);
			name = Main.storyboard;
			sourceTree = "<group>";
		};
		0C98890A2121F19600A19676 /* LaunchScreen.storyboard */ = {
			isa = PBXVariantGroup;
			children = (
				0C98890B2121F19600A19676 /* Base */,
			);
			name = LaunchScreen.storyboard;
			sourceTree = "<group>";
		};
/* End PBXVariantGroup section */

/* Begin XCBuildConfiguration section */
		0C9889242121F19600A19676 /* Debug */ = {
			isa = XCBuildConfiguration;
			buildSettings = {
				ALWAYS_SEARCH_USER_PATHS = NO;
				CLANG_ANALYZER_NONNULL = YES;
				CLANG_ANALYZER_NUMBER_OBJECT_CONVERSION = YES_AGGRESSIVE;
				CLANG_CXX_LANGUAGE_STANDARD = "gnu++14";
				CLANG_CXX_LIBRARY = "libc++";
				CLANG_ENABLE_MODULES = YES;
				CLANG_ENABLE_OBJC_ARC = YES;
				CLANG_ENABLE_OBJC_WEAK = YES;
				CLANG_WARN_BLOCK_CAPTURE_AUTORELEASING = YES;
				CLANG_WARN_BOOL_CONVERSION = YES;
				CLANG_WARN_COMMA = YES;
				CLANG_WARN_CONSTANT_CONVERSION = YES;
				CLANG_WARN_DEPRECATED_OBJC_IMPLEMENTATIONS = YES;
				CLANG_WARN_DIRECT_OBJC_ISA_USAGE = YES_ERROR;
				CLANG_WARN_DOCUMENTATION_COMMENTS = YES;
				CLANG_WARN_EMPTY_BODY = YES;
				CLANG_WARN_ENUM_CONVERSION = YES;
				CLANG_WARN_INFINITE_RECURSION = YES;
				CLANG_WARN_INT_CONVERSION = YES;
				CLANG_WARN_NON_LITERAL_NULL_CONVERSION = YES;
				CLANG_WARN_OBJC_IMPLICIT_RETAIN_SELF = YES;
				CLANG_WARN_OBJC_LITERAL_CONVERSION = YES;
				CLANG_WARN_OBJC_ROOT_CLASS = YES_ERROR;
				CLANG_WARN_RANGE_LOOP_ANALYSIS = YES;
				CLANG_WARN_STRICT_PROTOTYPES = YES;
				CLANG_WARN_SUSPICIOUS_MOVE = YES;
				CLANG_WARN_UNGUARDED_AVAILABILITY = YES_AGGRESSIVE;
				CLANG_WARN_UNREACHABLE_CODE = YES;
				CLANG_WARN__DUPLICATE_METHOD_MATCH = YES;
				CODE_SIGN_IDENTITY = "iPhone Developer";
				COPY_PHASE_STRIP = NO;
				DEBUG_INFORMATION_FORMAT = dwarf;
				ENABLE_STRICT_OBJC_MSGSEND = YES;
				ENABLE_TESTABILITY = YES;
				GCC_C_LANGUAGE_STANDARD = gnu11;
				GCC_DYNAMIC_NO_PIC = NO;
				GCC_NO_COMMON_BLOCKS = YES;
				GCC_OPTIMIZATION_LEVEL = 0;
				GCC_PREPROCESSOR_DEFINITIONS = (
					"DEBUG=1",
					"$(inherited)",
				);
				GCC_WARN_64_TO_32_BIT_CONVERSION = YES;
				GCC_WARN_ABOUT_RETURN_TYPE = YES_ERROR;
				GCC_WARN_UNDECLARED_SELECTOR = YES;
				GCC_WARN_UNINITIALIZED_AUTOS = YES_AGGRESSIVE;
				GCC_WARN_UNUSED_FUNCTION = YES;
				GCC_WARN_UNUSED_VARIABLE = YES;
				IPHONEOS_DEPLOYMENT_TARGET = 11.4;
				MTL_ENABLE_DEBUG_INFO = YES;
				ONLY_ACTIVE_ARCH = YES;
				SDKROOT = iphoneos;
				SWIFT_ACTIVE_COMPILATION_CONDITIONS = DEBUG;
				SWIFT_OPTIMIZATION_LEVEL = "-Onone";
			};
			name = Debug;
		};
		0C9889252121F19600A19676 /* Release */ = {
			isa = XCBuildConfiguration;
			buildSettings = {
				ALWAYS_SEARCH_USER_PATHS = NO;
				CLANG_ANALYZER_NONNULL = YES;
				CLANG_ANALYZER_NUMBER_OBJECT_CONVERSION = YES_AGGRESSIVE;
				CLANG_CXX_LANGUAGE_STANDARD = "gnu++14";
				CLANG_CXX_LIBRARY = "libc++";
				CLANG_ENABLE_MODULES = YES;
				CLANG_ENABLE_OBJC_ARC = YES;
				CLANG_ENABLE_OBJC_WEAK = YES;
				CLANG_WARN_BLOCK_CAPTURE_AUTORELEASING = YES;
				CLANG_WARN_BOOL_CONVERSION = YES;
				CLANG_WARN_COMMA = YES;
				CLANG_WARN_CONSTANT_CONVERSION = YES;
				CLANG_WARN_DEPRECATED_OBJC_IMPLEMENTATIONS = YES;
				CLANG_WARN_DIRECT_OBJC_ISA_USAGE = YES_ERROR;
				CLANG_WARN_DOCUMENTATION_COMMENTS = YES;
				CLANG_WARN_EMPTY_BODY = YES;
				CLANG_WARN_ENUM_CONVERSION = YES;
				CLANG_WARN_INFINITE_RECURSION = YES;
				CLANG_WARN_INT_CONVERSION = YES;
				CLANG_WARN_NON_LITERAL_NULL_CONVERSION = YES;
				CLANG_WARN_OBJC_IMPLICIT_RETAIN_SELF = YES;
				CLANG_WARN_OBJC_LITERAL_CONVERSION = YES;
				CLANG_WARN_OBJC_ROOT_CLASS = YES_ERROR;
				CLANG_WARN_RANGE_LOOP_ANALYSIS = YES;
				CLANG_WARN_STRICT_PROTOTYPES = YES;
				CLANG_WARN_SUSPICIOUS_MOVE = YES;
				CLANG_WARN_UNGUARDED_AVAILABILITY = YES_AGGRESSIVE;
				CLANG_WARN_UNREACHABLE_CODE = YES;
				CLANG_WARN__DUPLICATE_METHOD_MATCH = YES;
				CODE_SIGN_IDENTITY = "iPhone Developer";
				COPY_PHASE_STRIP = NO;
				DEBUG_INFORMATION_FORMAT = "dwarf-with-dsym";
				ENABLE_NS_ASSERTIONS = NO;
				ENABLE_STRICT_OBJC_MSGSEND = YES;
				GCC_C_LANGUAGE_STANDARD = gnu11;
				GCC_NO_COMMON_BLOCKS = YES;
				GCC_WARN_64_TO_32_BIT_CONVERSION = YES;
				GCC_WARN_ABOUT_RETURN_TYPE = YES_ERROR;
				GCC_WARN_UNDECLARED_SELECTOR = YES;
				GCC_WARN_UNINITIALIZED_AUTOS = YES_AGGRESSIVE;
				GCC_WARN_UNUSED_FUNCTION = YES;
				GCC_WARN_UNUSED_VARIABLE = YES;
				IPHONEOS_DEPLOYMENT_TARGET = 11.4;
				MTL_ENABLE_DEBUG_INFO = NO;
				SDKROOT = iphoneos;
				SWIFT_COMPILATION_MODE = wholemodule;
				SWIFT_OPTIMIZATION_LEVEL = "-O";
				VALIDATE_PRODUCT = YES;
			};
			name = Release;
		};
		0C9889272121F19600A19676 /* Debug */ = {
			isa = XCBuildConfiguration;
			buildSettings = {
				ASSETCATALOG_COMPILER_APPICON_NAME = AppIcon;
				CODE_SIGN_STYLE = Automatic;
				INFOPLIST_FILE = UBottomSheet/Info.plist;
				LD_RUNPATH_SEARCH_PATHS = (
					"$(inherited)",
					"@executable_path/Frameworks",
				);
				PRODUCT_BUNDLE_IDENTIFIER = otw.UBottomSheet;
				PRODUCT_NAME = "$(TARGET_NAME)";
				SWIFT_VERSION = 4.0;
				TARGETED_DEVICE_FAMILY = "1,2";
			};
			name = Debug;
		};
		0C9889282121F19600A19676 /* Release */ = {
			isa = XCBuildConfiguration;
			buildSettings = {
				ASSETCATALOG_COMPILER_APPICON_NAME = AppIcon;
				CODE_SIGN_STYLE = Automatic;
				INFOPLIST_FILE = UBottomSheet/Info.plist;
				LD_RUNPATH_SEARCH_PATHS = (
					"$(inherited)",
					"@executable_path/Frameworks",
				);
				PRODUCT_BUNDLE_IDENTIFIER = otw.UBottomSheet;
				PRODUCT_NAME = "$(TARGET_NAME)";
				SWIFT_VERSION = 4.0;
				TARGETED_DEVICE_FAMILY = "1,2";
			};
			name = Release;
		};
		0C98892A2121F19600A19676 /* Debug */ = {
			isa = XCBuildConfiguration;
			buildSettings = {
				ALWAYS_EMBED_SWIFT_STANDARD_LIBRARIES = YES;
				BUNDLE_LOADER = "$(TEST_HOST)";
				CODE_SIGN_STYLE = Automatic;
				INFOPLIST_FILE = UBottomSheetTests/Info.plist;
				LD_RUNPATH_SEARCH_PATHS = (
					"$(inherited)",
					"@executable_path/Frameworks",
					"@loader_path/Frameworks",
				);
				PRODUCT_BUNDLE_IDENTIFIER = otw.UBottomSheetTests;
				PRODUCT_NAME = "$(TARGET_NAME)";
				SWIFT_VERSION = 4.0;
				TARGETED_DEVICE_FAMILY = "1,2";
				TEST_HOST = "$(BUILT_PRODUCTS_DIR)/UBottomSheet.app/UBottomSheet";
			};
			name = Debug;
		};
		0C98892B2121F19600A19676 /* Release */ = {
			isa = XCBuildConfiguration;
			buildSettings = {
				ALWAYS_EMBED_SWIFT_STANDARD_LIBRARIES = YES;
				BUNDLE_LOADER = "$(TEST_HOST)";
				CODE_SIGN_STYLE = Automatic;
				INFOPLIST_FILE = UBottomSheetTests/Info.plist;
				LD_RUNPATH_SEARCH_PATHS = (
					"$(inherited)",
					"@executable_path/Frameworks",
					"@loader_path/Frameworks",
				);
				PRODUCT_BUNDLE_IDENTIFIER = otw.UBottomSheetTests;
				PRODUCT_NAME = "$(TARGET_NAME)";
				SWIFT_VERSION = 4.0;
				TARGETED_DEVICE_FAMILY = "1,2";
				TEST_HOST = "$(BUILT_PRODUCTS_DIR)/UBottomSheet.app/UBottomSheet";
			};
			name = Release;
		};
		0C98892D2121F19600A19676 /* Debug */ = {
			isa = XCBuildConfiguration;
			buildSettings = {
				ALWAYS_EMBED_SWIFT_STANDARD_LIBRARIES = YES;
				CODE_SIGN_STYLE = Automatic;
				INFOPLIST_FILE = UBottomSheetUITests/Info.plist;
				LD_RUNPATH_SEARCH_PATHS = (
					"$(inherited)",
					"@executable_path/Frameworks",
					"@loader_path/Frameworks",
				);
				PRODUCT_BUNDLE_IDENTIFIER = otw.UBottomSheetUITests;
				PRODUCT_NAME = "$(TARGET_NAME)";
				SWIFT_VERSION = 4.0;
				TARGETED_DEVICE_FAMILY = "1,2";
				TEST_TARGET_NAME = UBottomSheet;
			};
			name = Debug;
		};
		0C98892E2121F19600A19676 /* Release */ = {
			isa = XCBuildConfiguration;
			buildSettings = {
				ALWAYS_EMBED_SWIFT_STANDARD_LIBRARIES = YES;
				CODE_SIGN_STYLE = Automatic;
				INFOPLIST_FILE = UBottomSheetUITests/Info.plist;
				LD_RUNPATH_SEARCH_PATHS = (
					"$(inherited)",
					"@executable_path/Frameworks",
					"@loader_path/Frameworks",
				);
				PRODUCT_BUNDLE_IDENTIFIER = otw.UBottomSheetUITests;
				PRODUCT_NAME = "$(TARGET_NAME)";
				SWIFT_VERSION = 4.0;
				TARGETED_DEVICE_FAMILY = "1,2";
				TEST_TARGET_NAME = UBottomSheet;
			};
			name = Release;
		};
/* End XCBuildConfiguration section */

/* Begin XCConfigurationList section */
		0C9888F92121F19500A19676 /* Build configuration list for PBXProject "UBottomSheet" */ = {
			isa = XCConfigurationList;
			buildConfigurations = (
				0C9889242121F19600A19676 /* Debug */,
				0C9889252121F19600A19676 /* Release */,
			);
			defaultConfigurationIsVisible = 0;
			defaultConfigurationName = Release;
		};
		0C9889262121F19600A19676 /* Build configuration list for PBXNativeTarget "UBottomSheet" */ = {
			isa = XCConfigurationList;
			buildConfigurations = (
				0C9889272121F19600A19676 /* Debug */,
				0C9889282121F19600A19676 /* Release */,
			);
			defaultConfigurationIsVisible = 0;
			defaultConfigurationName = Release;
		};
		0C9889292121F19600A19676 /* Build configuration list for PBXNativeTarget "UBottomSheetTests" */ = {
			isa = XCConfigurationList;
			buildConfigurations = (
				0C98892A2121F19600A19676 /* Debug */,
				0C98892B2121F19600A19676 /* Release */,
			);
			defaultConfigurationIsVisible = 0;
			defaultConfigurationName = Release;
		};
		0C98892C2121F19600A19676 /* Build configuration list for PBXNativeTarget "UBottomSheetUITests" */ = {
			isa = XCConfigurationList;
			buildConfigurations = (
				0C98892D2121F19600A19676 /* Debug */,
				0C98892E2121F19600A19676 /* Release */,
			);
			defaultConfigurationIsVisible = 0;
			defaultConfigurationName = Release;
		};
/* End XCConfigurationList section */
	};
	rootObject = 0C9888F62121F19500A19676 /* Project object */;
}
